
Microsoft Visual Studio Solution File, Format Version 12.00
# Visual Studio 15
VisualStudioVersion = 15.0.27130.2026
MinimumVisualStudioVersion = 10.0.40219.1
Project("{FAE04EC0-301F-11D3-BF4B-00C04F79EFBC}") = "Recursion", "Recursion\Recursion.csproj", "{B709C94A-DBE3-4C2C-9F41-D17A9E73B152}"
EndProject
Project("{FAE04EC0-301F-11D3-BF4B-00C04F79EFBC}") = "Exceptions", "Exceptions\Exceptions.csproj", "{3B843DD8-73E5-4AEA-A394-622F0BBABFF9}"
EndProject
Project("{FAE04EC0-301F-11D3-BF4B-00C04F79EFBC}") = "AdHoc", "AdHoc\AdHoc.csproj", "{8520ED7C-2A6A-493A-849F-8EA887A7F972}"
EndProject
Global
	GlobalSection(SolutionConfigurationPlatforms) = preSolution
		Debug|Any CPU = Debug|Any CPU
		Release|Any CPU = Release|Any CPU
	EndGlobalSection
	GlobalSection(ProjectConfigurationPlatforms) = postSolution
		{B709C94A-DBE3-4C2C-9F41-D17A9E73B152}.Debug|Any CPU.ActiveCfg = Debug|Any CPU
		{B709C94A-DBE3-4C2C-9F41-D17A9E73B152}.Debug|Any CPU.Build.0 = Debug|Any CPU
		{B709C94A-DBE3-4C2C-9F41-D17A9E73B152}.Release|Any CPU.ActiveCfg = Release|Any CPU
		{B709C94A-DBE3-4C2C-9F41-D17A9E73B152}.Release|Any CPU.Build.0 = Release|Any CPU
		{3B843DD8-73E5-4AEA-A394-622F0BBABFF9}.Debug|Any CPU.ActiveCfg = Debug|Any CPU
		{3B843DD8-73E5-4AEA-A394-622F0BBABFF9}.Debug|Any CPU.Build.0 = Debug|Any CPU
		{3B843DD8-73E5-4AEA-A394-622F0BBABFF9}.Release|Any CPU.ActiveCfg = Release|Any CPU
		{3B843DD8-73E5-4AEA-A394-622F0BBABFF9}.Release|Any CPU.Build.0 = Release|Any CPU
		{8520ED7C-2A6A-493A-849F-8EA887A7F972}.Debug|Any CPU.ActiveCfg = Debug|Any CPU
		{8520ED7C-2A6A-493A-849F-8EA887A7F972}.Debug|Any CPU.Build.0 = Debug|Any CPU
		{8520ED7C-2A6A-493A-849F-8EA887A7F972}.Release|Any CPU.ActiveCfg = Release|Any CPU
		{8520ED7C-2A6A-493A-849F-8EA887A7F972}.Release|Any CPU.Build.0 = Release|Any CPU
	EndGlobalSection
	GlobalSection(SolutionProperties) = preSolution
		HideSolutionNode = FALSE
	EndGlobalSection
	GlobalSection(ExtensibilityGlobals) = postSolution
		SolutionGuid = {C365538B-A6E0-4438-A132-C056FB7A3BAC}
	EndGlobalSection
EndGlobal
