
Microsoft Visual Studio Solution File, Format Version 12.00
# Visual Studio 15
VisualStudioVersion = 15.0.27130.2026
MinimumVisualStudioVersion = 10.0.40219.1
Project("{FAE04EC0-301F-11D3-BF4B-00C04F79EFBC}") = "Recursion", "Recursion\Recursion.csproj", "{B709C94A-DBE3-4C2C-9F41-D17A9E73B152}"
EndProject
Project("{FAE04EC0-301F-11D3-BF4B-00C04F79EFBC}") = "AdHoc", "AdHoc\AdHoc.csproj", "{8520ED7C-2A6A-493A-849F-8EA887A7F972}"
EndProject
Project("{FAE04EC0-301F-11D3-BF4B-00C04F79EFBC}") = "Exceptions", "Exceptions\Exceptions.csproj", "{06D83F1B-46D2-484C-9197-A274F7CF8404}"
EndProject
Project("{FAE04EC0-301F-11D3-BF4B-00C04F79EFBC}") = "Hexahop", "Hexahop\Hexahop.csproj", "{2EBEE34A-CE27-4B6A-AA66-9122BD16FDDB}"
EndProject
Project("{9A19103F-16F7-4668-BE54-9A1E7A4F7556}") = "WithClass", "WithClass\WithClass.csproj", "{BA52B775-D0E7-4D44-9A1B-9103E6A6F32B}"
EndProject
Project("{FAE04EC0-301F-11D3-BF4B-00C04F79EFBC}") = "Scope", "Scope\Scope.csproj", "{A00C57B0-4D4D-45CC-879B-14982382D947}"
EndProject
Project("{FAE04EC0-301F-11D3-BF4B-00C04F79EFBC}") = "Static", "Static\Static.csproj", "{C8768354-943D-4B5F-9CFC-138601C539AD}"
EndProject
Project("{FAE04EC0-301F-11D3-BF4B-00C04F79EFBC}") = "Inheritance", "Inheritance\Inheritance.csproj", "{F0A23E84-CA92-465D-9124-CA9EAA65406A}"
EndProject
Project("{FAE04EC0-301F-11D3-BF4B-00C04F79EFBC}") = "Interfaces", "Interfaces\Interfaces.csproj", "{6BADAB30-E088-44C7-9521-DE83BD2403C6}"
EndProject
Project("{FAE04EC0-301F-11D3-BF4B-00C04F79EFBC}") = "ReferenceAndValueTypes", "ReferenceAndValueTypes\ReferenceAndValueTypes.csproj", "{B0D51AB4-8EA3-4BB1-A36E-F09667AB84C5}"
EndProject
Project("{FAE04EC0-301F-11D3-BF4B-00C04F79EFBC}") = "Dictionaries", "Dictionaries\Dictionaries.csproj", "{C6F1D54A-7FF3-4AAB-A1DE-F36227142EDD}"
EndProject
Global
	GlobalSection(SolutionConfigurationPlatforms) = preSolution
		Debug|Any CPU = Debug|Any CPU
		Debug|x86 = Debug|x86
		Release|Any CPU = Release|Any CPU
		Release|x86 = Release|x86
	EndGlobalSection
	GlobalSection(ProjectConfigurationPlatforms) = postSolution
		{B709C94A-DBE3-4C2C-9F41-D17A9E73B152}.Debug|Any CPU.ActiveCfg = Debug|Any CPU
		{B709C94A-DBE3-4C2C-9F41-D17A9E73B152}.Debug|Any CPU.Build.0 = Debug|Any CPU
		{B709C94A-DBE3-4C2C-9F41-D17A9E73B152}.Debug|x86.ActiveCfg = Debug|Any CPU
		{B709C94A-DBE3-4C2C-9F41-D17A9E73B152}.Debug|x86.Build.0 = Debug|Any CPU
		{B709C94A-DBE3-4C2C-9F41-D17A9E73B152}.Release|Any CPU.ActiveCfg = Release|Any CPU
		{B709C94A-DBE3-4C2C-9F41-D17A9E73B152}.Release|Any CPU.Build.0 = Release|Any CPU
		{B709C94A-DBE3-4C2C-9F41-D17A9E73B152}.Release|x86.ActiveCfg = Release|Any CPU
		{B709C94A-DBE3-4C2C-9F41-D17A9E73B152}.Release|x86.Build.0 = Release|Any CPU
		{8520ED7C-2A6A-493A-849F-8EA887A7F972}.Debug|Any CPU.ActiveCfg = Debug|Any CPU
		{8520ED7C-2A6A-493A-849F-8EA887A7F972}.Debug|Any CPU.Build.0 = Debug|Any CPU
		{8520ED7C-2A6A-493A-849F-8EA887A7F972}.Debug|x86.ActiveCfg = Debug|Any CPU
		{8520ED7C-2A6A-493A-849F-8EA887A7F972}.Debug|x86.Build.0 = Debug|Any CPU
		{8520ED7C-2A6A-493A-849F-8EA887A7F972}.Release|Any CPU.ActiveCfg = Release|Any CPU
		{8520ED7C-2A6A-493A-849F-8EA887A7F972}.Release|Any CPU.Build.0 = Release|Any CPU
		{8520ED7C-2A6A-493A-849F-8EA887A7F972}.Release|x86.ActiveCfg = Release|Any CPU
		{8520ED7C-2A6A-493A-849F-8EA887A7F972}.Release|x86.Build.0 = Release|Any CPU
		{06D83F1B-46D2-484C-9197-A274F7CF8404}.Debug|Any CPU.ActiveCfg = Debug|Any CPU
		{06D83F1B-46D2-484C-9197-A274F7CF8404}.Debug|Any CPU.Build.0 = Debug|Any CPU
		{06D83F1B-46D2-484C-9197-A274F7CF8404}.Debug|x86.ActiveCfg = Debug|Any CPU
		{06D83F1B-46D2-484C-9197-A274F7CF8404}.Debug|x86.Build.0 = Debug|Any CPU
		{06D83F1B-46D2-484C-9197-A274F7CF8404}.Release|Any CPU.ActiveCfg = Release|Any CPU
		{06D83F1B-46D2-484C-9197-A274F7CF8404}.Release|Any CPU.Build.0 = Release|Any CPU
		{06D83F1B-46D2-484C-9197-A274F7CF8404}.Release|x86.ActiveCfg = Release|Any CPU
		{06D83F1B-46D2-484C-9197-A274F7CF8404}.Release|x86.Build.0 = Release|Any CPU
		{2EBEE34A-CE27-4B6A-AA66-9122BD16FDDB}.Debug|Any CPU.ActiveCfg = Debug|Any CPU
		{2EBEE34A-CE27-4B6A-AA66-9122BD16FDDB}.Debug|Any CPU.Build.0 = Debug|Any CPU
		{2EBEE34A-CE27-4B6A-AA66-9122BD16FDDB}.Debug|x86.ActiveCfg = Debug|Any CPU
		{2EBEE34A-CE27-4B6A-AA66-9122BD16FDDB}.Debug|x86.Build.0 = Debug|Any CPU
		{2EBEE34A-CE27-4B6A-AA66-9122BD16FDDB}.Release|Any CPU.ActiveCfg = Release|Any CPU
		{2EBEE34A-CE27-4B6A-AA66-9122BD16FDDB}.Release|Any CPU.Build.0 = Release|Any CPU
		{2EBEE34A-CE27-4B6A-AA66-9122BD16FDDB}.Release|x86.ActiveCfg = Release|Any CPU
		{2EBEE34A-CE27-4B6A-AA66-9122BD16FDDB}.Release|x86.Build.0 = Release|Any CPU
		{BA52B775-D0E7-4D44-9A1B-9103E6A6F32B}.Debug|Any CPU.ActiveCfg = Debug|Any CPU
		{BA52B775-D0E7-4D44-9A1B-9103E6A6F32B}.Debug|Any CPU.Build.0 = Debug|Any CPU
		{BA52B775-D0E7-4D44-9A1B-9103E6A6F32B}.Debug|x86.ActiveCfg = Debug|Any CPU
		{BA52B775-D0E7-4D44-9A1B-9103E6A6F32B}.Debug|x86.Build.0 = Debug|Any CPU
		{BA52B775-D0E7-4D44-9A1B-9103E6A6F32B}.Release|Any CPU.ActiveCfg = Release|Any CPU
		{BA52B775-D0E7-4D44-9A1B-9103E6A6F32B}.Release|Any CPU.Build.0 = Release|Any CPU
		{BA52B775-D0E7-4D44-9A1B-9103E6A6F32B}.Release|x86.ActiveCfg = Release|Any CPU
		{BA52B775-D0E7-4D44-9A1B-9103E6A6F32B}.Release|x86.Build.0 = Release|Any CPU
		{A00C57B0-4D4D-45CC-879B-14982382D947}.Debug|Any CPU.ActiveCfg = Debug|Any CPU
		{A00C57B0-4D4D-45CC-879B-14982382D947}.Debug|Any CPU.Build.0 = Debug|Any CPU
		{A00C57B0-4D4D-45CC-879B-14982382D947}.Debug|x86.ActiveCfg = Debug|Any CPU
		{A00C57B0-4D4D-45CC-879B-14982382D947}.Debug|x86.Build.0 = Debug|Any CPU
		{A00C57B0-4D4D-45CC-879B-14982382D947}.Release|Any CPU.ActiveCfg = Release|Any CPU
		{A00C57B0-4D4D-45CC-879B-14982382D947}.Release|Any CPU.Build.0 = Release|Any CPU
		{A00C57B0-4D4D-45CC-879B-14982382D947}.Release|x86.ActiveCfg = Release|Any CPU
		{A00C57B0-4D4D-45CC-879B-14982382D947}.Release|x86.Build.0 = Release|Any CPU
		{C8768354-943D-4B5F-9CFC-138601C539AD}.Debug|Any CPU.ActiveCfg = Debug|Any CPU
		{C8768354-943D-4B5F-9CFC-138601C539AD}.Debug|Any CPU.Build.0 = Debug|Any CPU
		{C8768354-943D-4B5F-9CFC-138601C539AD}.Debug|x86.ActiveCfg = Debug|Any CPU
		{C8768354-943D-4B5F-9CFC-138601C539AD}.Debug|x86.Build.0 = Debug|Any CPU
		{C8768354-943D-4B5F-9CFC-138601C539AD}.Release|Any CPU.ActiveCfg = Release|Any CPU
		{C8768354-943D-4B5F-9CFC-138601C539AD}.Release|Any CPU.Build.0 = Release|Any CPU
		{C8768354-943D-4B5F-9CFC-138601C539AD}.Release|x86.ActiveCfg = Release|Any CPU
		{C8768354-943D-4B5F-9CFC-138601C539AD}.Release|x86.Build.0 = Release|Any CPU
		{F0A23E84-CA92-465D-9124-CA9EAA65406A}.Debug|Any CPU.ActiveCfg = Debug|Any CPU
		{F0A23E84-CA92-465D-9124-CA9EAA65406A}.Debug|Any CPU.Build.0 = Debug|Any CPU
		{F0A23E84-CA92-465D-9124-CA9EAA65406A}.Debug|x86.ActiveCfg = Debug|Any CPU
		{F0A23E84-CA92-465D-9124-CA9EAA65406A}.Debug|x86.Build.0 = Debug|Any CPU
		{F0A23E84-CA92-465D-9124-CA9EAA65406A}.Release|Any CPU.ActiveCfg = Release|Any CPU
		{F0A23E84-CA92-465D-9124-CA9EAA65406A}.Release|Any CPU.Build.0 = Release|Any CPU
		{F0A23E84-CA92-465D-9124-CA9EAA65406A}.Release|x86.ActiveCfg = Release|Any CPU
		{F0A23E84-CA92-465D-9124-CA9EAA65406A}.Release|x86.Build.0 = Release|Any CPU
		{6BADAB30-E088-44C7-9521-DE83BD2403C6}.Debug|Any CPU.ActiveCfg = Debug|Any CPU
		{6BADAB30-E088-44C7-9521-DE83BD2403C6}.Debug|Any CPU.Build.0 = Debug|Any CPU
		{6BADAB30-E088-44C7-9521-DE83BD2403C6}.Debug|x86.ActiveCfg = Debug|Any CPU
		{6BADAB30-E088-44C7-9521-DE83BD2403C6}.Debug|x86.Build.0 = Debug|Any CPU
		{6BADAB30-E088-44C7-9521-DE83BD2403C6}.Release|Any CPU.ActiveCfg = Release|Any CPU
		{6BADAB30-E088-44C7-9521-DE83BD2403C6}.Release|Any CPU.Build.0 = Release|Any CPU
		{6BADAB30-E088-44C7-9521-DE83BD2403C6}.Release|x86.ActiveCfg = Release|Any CPU
		{6BADAB30-E088-44C7-9521-DE83BD2403C6}.Release|x86.Build.0 = Release|Any CPU
		{B0D51AB4-8EA3-4BB1-A36E-F09667AB84C5}.Debug|Any CPU.ActiveCfg = Debug|x86
		{B0D51AB4-8EA3-4BB1-A36E-F09667AB84C5}.Debug|x86.ActiveCfg = Debug|x86
		{B0D51AB4-8EA3-4BB1-A36E-F09667AB84C5}.Debug|x86.Build.0 = Debug|x86
		{B0D51AB4-8EA3-4BB1-A36E-F09667AB84C5}.Release|Any CPU.ActiveCfg = Release|x86
		{B0D51AB4-8EA3-4BB1-A36E-F09667AB84C5}.Release|x86.ActiveCfg = Release|x86
		{B0D51AB4-8EA3-4BB1-A36E-F09667AB84C5}.Release|x86.Build.0 = Release|x86
		{C6F1D54A-7FF3-4AAB-A1DE-F36227142EDD}.Debug|Any CPU.ActiveCfg = Debug|Any CPU
		{C6F1D54A-7FF3-4AAB-A1DE-F36227142EDD}.Debug|Any CPU.Build.0 = Debug|Any CPU
		{C6F1D54A-7FF3-4AAB-A1DE-F36227142EDD}.Debug|x86.ActiveCfg = Debug|Any CPU
		{C6F1D54A-7FF3-4AAB-A1DE-F36227142EDD}.Debug|x86.Build.0 = Debug|Any CPU
		{C6F1D54A-7FF3-4AAB-A1DE-F36227142EDD}.Release|Any CPU.ActiveCfg = Release|Any CPU
		{C6F1D54A-7FF3-4AAB-A1DE-F36227142EDD}.Release|Any CPU.Build.0 = Release|Any CPU
		{C6F1D54A-7FF3-4AAB-A1DE-F36227142EDD}.Release|x86.ActiveCfg = Release|Any CPU
		{C6F1D54A-7FF3-4AAB-A1DE-F36227142EDD}.Release|x86.Build.0 = Release|Any CPU
	EndGlobalSection
	GlobalSection(SolutionProperties) = preSolution
		HideSolutionNode = FALSE
	EndGlobalSection
	GlobalSection(ExtensibilityGlobals) = postSolution
		SolutionGuid = {C365538B-A6E0-4438-A132-C056FB7A3BAC}
	EndGlobalSection
EndGlobal
